
Microsoft Visual Studio Solution File, Format Version 12.00
# Visual Studio Version 17
VisualStudioVersion = 17.0.32112.339
MinimumVisualStudioVersion = 10.0.40219.1
Project("{FAE04EC0-301F-11D3-BF4B-00C04F79EFBC}") = "Lesson_5Task6", "Lesson_5Task6.csproj", "{85F93009-7973-41B4-83CC-C77F36FFA95C}"
EndProject
Global
	GlobalSection(SolutionConfigurationPlatforms) = preSolution
		Debug|Any CPU = Debug|Any CPU
		Release|Any CPU = Release|Any CPU
	EndGlobalSection
	GlobalSection(ProjectConfigurationPlatforms) = postSolution
		{85F93009-7973-41B4-83CC-C77F36FFA95C}.Debug|Any CPU.ActiveCfg = Debug|Any CPU
		{85F93009-7973-41B4-83CC-C77F36FFA95C}.Debug|Any CPU.Build.0 = Debug|Any CPU
		{85F93009-7973-41B4-83CC-C77F36FFA95C}.Release|Any CPU.ActiveCfg = Release|Any CPU
		{85F93009-7973-41B4-83CC-C77F36FFA95C}.Release|Any CPU.Build.0 = Release|Any CPU
	EndGlobalSection
	GlobalSection(SolutionProperties) = preSolution
		HideSolutionNode = FALSE
	EndGlobalSection
	GlobalSection(ExtensibilityGlobals) = postSolution
		SolutionGuid = {B254D9C1-820D-4679-B1C1-8251A213C769}
	EndGlobalSection
EndGlobal
